
Microsoft Visual Studio Solution File, Format Version 12.00
Project("{FAE04EC0-301F-11D3-BF4B-00C04F79EFBC}") = "OpenFeature.SDK", "src\OpenFeature.SDK\OpenFeature.SDK.csproj", "{07A6E6BD-FB7E-4B3B-9CBE-65AE9D0EB223}"
EndProject
Project("{2150E333-8FDC-42A3-9474-1A3956D46DE8}") = "build", "build", "{72005F60-C2E8-40BF-AE95-893635134D7D}"
	ProjectSection(SolutionItems) = preProject
		build\Common.props = build\Common.props
		build\Common.tests.props = build\Common.tests.props
		build\Common.prod.props = build\Common.prod.props
		build\RELEASING.md = build\RELEASING.md
		.github\workflows\code-coverage.yml = .github\workflows\code-coverage.yml
		.github\workflows\codeql-analysis.yml = .github\workflows\codeql-analysis.yml
		.github\workflows\dotnet-format.yml = .github\workflows\dotnet-format.yml
		.github\workflows\linux-ci.yml = .github\workflows\linux-ci.yml
		.github\workflows\prerelease-package.yml = .github\workflows\prerelease-package.yml
		.github\workflows\release-package.yml = .github\workflows\release-package.yml
		.github\workflows\windows-ci.yml = .github\workflows\windows-ci.yml
	EndProjectSection
EndProject
Project("{2150E333-8FDC-42A3-9474-1A3956D46DE8}") = "src", "src", "{C97E9975-E10A-4817-AE2C-4DD69C3C02D4}"
	ProjectSection(SolutionItems) = preProject
		src\Directory.Build.props = src\Directory.Build.props
		src\Directory.Build.targets = src\Directory.Build.targets
	EndProjectSection
EndProject
Project("{2150E333-8FDC-42A3-9474-1A3956D46DE8}") = "test", "test", "{65FBA159-23E0-4CF9-881B-F78DBFF198E9}"
	ProjectSection(SolutionItems) = preProject
		test\Directory.Build.props = test\Directory.Build.props
	EndProjectSection
EndProject
Project("{FAE04EC0-301F-11D3-BF4B-00C04F79EFBC}") = "OpenFeature.SDK.Tests", "test\OpenFeature.SDK.Tests\OpenFeature.SDK.Tests.csproj", "{49BB42BA-10A6-4DA3-A7D5-38C968D57837}"
EndProject
Global
	GlobalSection(SolutionConfigurationPlatforms) = preSolution
		Debug|Any CPU = Debug|Any CPU
		Release|Any CPU = Release|Any CPU
	EndGlobalSection
	GlobalSection(ProjectConfigurationPlatforms) = postSolution
		{07A6E6BD-FB7E-4B3B-9CBE-65AE9D0EB223}.Debug|Any CPU.ActiveCfg = Debug|Any CPU
		{07A6E6BD-FB7E-4B3B-9CBE-65AE9D0EB223}.Debug|Any CPU.Build.0 = Debug|Any CPU
		{07A6E6BD-FB7E-4B3B-9CBE-65AE9D0EB223}.Release|Any CPU.ActiveCfg = Release|Any CPU
		{07A6E6BD-FB7E-4B3B-9CBE-65AE9D0EB223}.Release|Any CPU.Build.0 = Release|Any CPU
		{49BB42BA-10A6-4DA3-A7D5-38C968D57837}.Debug|Any CPU.ActiveCfg = Debug|Any CPU
		{49BB42BA-10A6-4DA3-A7D5-38C968D57837}.Debug|Any CPU.Build.0 = Debug|Any CPU
		{49BB42BA-10A6-4DA3-A7D5-38C968D57837}.Release|Any CPU.ActiveCfg = Release|Any CPU
		{49BB42BA-10A6-4DA3-A7D5-38C968D57837}.Release|Any CPU.Build.0 = Release|Any CPU
	EndGlobalSection
	GlobalSection(NestedProjects) = preSolution
		{07A6E6BD-FB7E-4B3B-9CBE-65AE9D0EB223} = {C97E9975-E10A-4817-AE2C-4DD69C3C02D4}
		{49BB42BA-10A6-4DA3-A7D5-38C968D57837} = {65FBA159-23E0-4CF9-881B-F78DBFF198E9}
	EndGlobalSection
EndGlobal
